PODS:
  - MusicTheorySwift (1.1.0)
  - PianoView (0.0.2):
    - MusicTheorySwift

DEPENDENCIES:
  - PianoView (from `../`)

SPEC REPOS:
  https://github.com/cocoapods/specs.git:
    - MusicTheorySwift

EXTERNAL SOURCES:
  PianoView:
    :path: "../"

SPEC CHECKSUMS:
  MusicTheorySwift: 555d61fc174c36c7cb1a41cf20b54628ba6b3e32
  PianoView: 994ab2fc9aded5f3304303a56b1c5b055167fed0

PODFILE CHECKSUM: 53bc2ac8bc82eef033ea854dcf8f06c6d24d81d5

COCOAPODS: 1.5.3
