PODS:
  - MusicTheorySwift (1.0.0)
  - PianoView (0.0.1):
    - MusicTheorySwift

DEPENDENCIES:
  - PianoView (from `../`)

SPEC REPOS:
  https://github.com/cocoapods/specs.git:
    - MusicTheorySwift

EXTERNAL SOURCES:
  PianoView:
    :path: "../"

SPEC CHECKSUMS:
  MusicTheorySwift: 2102218ba959c04204f376d02f7719fe5f4cfb98
  PianoView: 4a8fbad8dfabbfd7d066b4b23d32318b4b036a39

PODFILE CHECKSUM: 53bc2ac8bc82eef033ea854dcf8f06c6d24d81d5

COCOAPODS: 1.5.3
