// !$*UTF8*$!
{
	archiveVersion = 1;
	classes = {
	};
	objectVersion = 46;
	objects = {

/* Begin PBXBuildFile section */
		446DADED1D6B19D523D5E66A /* Pods_PianoView.framework in Frameworks */ = {isa = PBXBuildFile; fileRef = 2C950C03862D735953382057 /* Pods_PianoView.framework */; };
		B274B0F01E31493100FFC7A3 /* AppDelegate.swift in Sources */ = {isa = PBXBuildFile; fileRef = B274B0EF1E31493100FFC7A3 /* AppDelegate.swift */; };
		B274B0F21E31493100FFC7A3 /* ViewController.swift in Sources */ = {isa = PBXBuildFile; fileRef = B274B0F11E31493100FFC7A3 /* ViewController.swift */; };
		B274B0F51E31493100FFC7A3 /* Main.storyboard in Resources */ = {isa = PBXBuildFile; fileRef = B274B0F31E31493100FFC7A3 /* Main.storyboard */; };
		B274B0F71E31493100FFC7A3 /* Assets.xcassets in Resources */ = {isa = PBXBuildFile; fileRef = B274B0F61E31493100FFC7A3 /* Assets.xcassets */; };
		B274B0FA1E31493100FFC7A3 /* LaunchScreen.storyboard in Resources */ = {isa = PBXBuildFile; fileRef = B274B0F81E31493100FFC7A3 /* LaunchScreen.storyboard */; };
		B274B1021E3149C400FFC7A3 /* PianoView.swift in Sources */ = {isa = PBXBuildFile; fileRef = B274B1011E3149C400FFC7A3 /* PianoView.swift */; };
/* End PBXBuildFile section */

/* Begin PBXFileReference section */
		2C950C03862D735953382057 /* Pods_PianoView.framework */ = {isa = PBXFileReference; explicitFileType = wrapper.framework; includeInIndex = 0; path = Pods_PianoView.framework; sourceTree = BUILT_PRODUCTS_DIR; };
		3B4F4DA935AD9A4D3B67FE1D /* Pods-PianoView.release.xcconfig */ = {isa = PBXFileReference; includeInIndex = 1; lastKnownFileType = text.xcconfig; name = "Pods-PianoView.release.xcconfig"; path = "Pods/Target Support Files/Pods-PianoView/Pods-PianoView.release.xcconfig"; sourceTree = "<group>"; };
		B274B0EC1E31493100FFC7A3 /* PianoView.app */ = {isa = PBXFileReference; explicitFileType = wrapper.application; includeInIndex = 0; path = PianoView.app; sourceTree = BUILT_PRODUCTS_DIR; };
		B274B0EF1E31493100FFC7A3 /* AppDelegate.swift */ = {isa = PBXFileReference; lastKnownFileType = sourcecode.swift; path = AppDelegate.swift; sourceTree = "<group>"; };
		B274B0F11E31493100FFC7A3 /* ViewController.swift */ = {isa = PBXFileReference; lastKnownFileType = sourcecode.swift; path = ViewController.swift; sourceTree = "<group>"; };
		B274B0F41E31493100FFC7A3 /* Base */ = {isa = PBXFileReference; lastKnownFileType = file.storyboard; name = Base; path = Base.lproj/Main.storyboard; sourceTree = "<group>"; };
		B274B0F61E31493100FFC7A3 /* Assets.xcassets */ = {isa = PBXFileReference; lastKnownFileType = folder.assetcatalog; path = Assets.xcassets; sourceTree = "<group>"; };
		B274B0F91E31493100FFC7A3 /* Base */ = {isa = PBXFileReference; lastKnownFileType = file.storyboard; name = Base; path = Base.lproj/LaunchScreen.storyboard; sourceTree = "<group>"; };
		B274B0FB1E31493100FFC7A3 /* Info.plist */ = {isa = PBXFileReference; lastKnownFileType = text.plist.xml; path = Info.plist; sourceTree = "<group>"; };
		B274B1011E3149C400FFC7A3 /* PianoView.swift */ = {isa = PBXFileReference; fileEncoding = 4; lastKnownFileType = sourcecode.swift; path = PianoView.swift; sourceTree = "<group>"; };
		FC0E40540669917F646FA6AB /* Pods-PianoView.debug.xcconfig */ = {isa = PBXFileReference; includeInIndex = 1; lastKnownFileType = text.xcconfig; name = "Pods-PianoView.debug.xcconfig"; path = "Pods/Target Support Files/Pods-PianoView/Pods-PianoView.debug.xcconfig"; sourceTree = "<group>"; };
/* End PBXFileReference section */

/* Begin PBXFrameworksBuildPhase section */
		B274B0E91E31493100FFC7A3 /* Frameworks */ = {
			isa = PBXFrameworksBuildPhase;
			buildActionMask = 2147483647;
			files = (
				446DADED1D6B19D523D5E66A /* Pods_PianoView.framework in Frameworks */,
			);
			runOnlyForDeploymentPostprocessing = 0;
		};
/* End PBXFrameworksBuildPhase section */

/* Begin PBXGroup section */
		15DB23ABFAC452B02072FDEC /* Pods */ = {
			isa = PBXGroup;
			children = (
				FC0E40540669917F646FA6AB /* Pods-PianoView.debug.xcconfig */,
				3B4F4DA935AD9A4D3B67FE1D /* Pods-PianoView.release.xcconfig */,
			);
			name = Pods;
			sourceTree = "<group>";
		};
		5A85E78F02E814184EADA2C1 /* Frameworks */ = {
			isa = PBXGroup;
			children = (
				2C950C03862D735953382057 /* Pods_PianoView.framework */,
			);
			name = Frameworks;
			sourceTree = "<group>";
		};
		B274B0E31E31493100FFC7A3 = {
			isa = PBXGroup;
			children = (
				B274B0EE1E31493100FFC7A3 /* PianoView */,
				B274B0ED1E31493100FFC7A3 /* Products */,
				15DB23ABFAC452B02072FDEC /* Pods */,
				5A85E78F02E814184EADA2C1 /* Frameworks */,
			);
			sourceTree = "<group>";
		};
		B274B0ED1E31493100FFC7A3 /* Products */ = {
			isa = PBXGroup;
			children = (
				B274B0EC1E31493100FFC7A3 /* PianoView.app */,
			);
			name = Products;
			sourceTree = "<group>";
		};
		B274B0EE1E31493100FFC7A3 /* PianoView */ = {
			isa = PBXGroup;
			children = (
				B274B0EF1E31493100FFC7A3 /* AppDelegate.swift */,
				B274B0F11E31493100FFC7A3 /* ViewController.swift */,
				B274B0F31E31493100FFC7A3 /* Main.storyboard */,
				B274B0F61E31493100FFC7A3 /* Assets.xcassets */,
				B274B0F81E31493100FFC7A3 /* LaunchScreen.storyboard */,
				B274B0FB1E31493100FFC7A3 /* Info.plist */,
				B274B1011E3149C400FFC7A3 /* PianoView.swift */,
			);
			path = PianoView;
			sourceTree = "<group>";
		};
/* End PBXGroup section */

/* Begin PBXNativeTarget section */
		B274B0EB1E31493100FFC7A3 /* PianoView */ = {
			isa = PBXNativeTarget;
			buildConfigurationList = B274B0FE1E31493100FFC7A3 /* Build configuration list for PBXNativeTarget "PianoView" */;
			buildPhases = (
				D1255D02B38DF1733DDE9F1C /* [CP] Check Pods Manifest.lock */,
				B274B0E81E31493100FFC7A3 /* Sources */,
				B274B0E91E31493100FFC7A3 /* Frameworks */,
				B274B0EA1E31493100FFC7A3 /* Resources */,
				FD10F9CCE0D7BBF1BD8B2A05 /* [CP] Embed Pods Frameworks */,
				604592342B43ED27F653F5EF /* [CP] Copy Pods Resources */,
			);
			buildRules = (
			);
			dependencies = (
			);
			name = PianoView;
			productName = PianoView;
			productReference = B274B0EC1E31493100FFC7A3 /* PianoView.app */;
			productType = "com.apple.product-type.application";
		};
/* End PBXNativeTarget section */

/* Begin PBXProject section */
		B274B0E41E31493100FFC7A3 /* Project object */ = {
			isa = PBXProject;
			attributes = {
				LastSwiftUpdateCheck = 0820;
				LastUpgradeCheck = 0820;
				ORGANIZATIONNAME = prototapp;
				TargetAttributes = {
					B274B0EB1E31493100FFC7A3 = {
						CreatedOnToolsVersion = 8.2.1;
						DevelopmentTeam = 77Y3N48SNF;
						ProvisioningStyle = Automatic;
					};
				};
			};
			buildConfigurationList = B274B0E71E31493100FFC7A3 /* Build configuration list for PBXProject "PianoView" */;
			compatibilityVersion = "Xcode 3.2";
			developmentRegion = English;
			hasScannedForEncodings = 0;
			knownRegions = (
				en,
				Base,
			);
			mainGroup = B274B0E31E31493100FFC7A3;
			productRefGroup = B274B0ED1E31493100FFC7A3 /* Products */;
			projectDirPath = "";
			projectRoot = "";
			targets = (
				B274B0EB1E31493100FFC7A3 /* PianoView */,
			);
		};
/* End PBXProject section */

/* Begin PBXResourcesBuildPhase section */
		B274B0EA1E31493100FFC7A3 /* Resources */ = {
			isa = PBXResourcesBuildPhase;
			buildActionMask = 2147483647;
			files = (
				B274B0FA1E31493100FFC7A3 /* LaunchScreen.storyboard in Resources */,
				B274B0F71E31493100FFC7A3 /* Assets.xcassets in Resources */,
				B274B0F51E31493100FFC7A3 /* Main.storyboard in Resources */,
			);
			runOnlyForDeploymentPostprocessing = 0;
		};
/* End PBXResourcesBuildPhase section */

/* Begin PBXShellScriptBuildPhase section */
		604592342B43ED27F653F5EF /* [CP] Copy Pods Resources */ = {
			isa = PBXShellScriptBuildPhase;
			buildActionMask = 2147483647;
			files = (
			);
			inputPaths = (
			);
			name = "[CP] Copy Pods Resources";
			outputPaths = (
			);
			runOnlyForDeploymentPostprocessing = 0;
			shellPath = /bin/sh;
			shellScript = "\"${SRCROOT}/Pods/Target Support Files/Pods-PianoView/Pods-PianoView-resources.sh\"\n";
			showEnvVarsInLog = 0;
		};
		D1255D02B38DF1733DDE9F1C /* [CP] Check Pods Manifest.lock */ = {
			isa = PBXShellScriptBuildPhase;
			buildActionMask = 2147483647;
			files = (
			);
			inputPaths = (
			);
			name = "[CP] Check Pods Manifest.lock";
			outputPaths = (
			);
			runOnlyForDeploymentPostprocessing = 0;
			shellPath = /bin/sh;
			shellScript = "diff \"${PODS_ROOT}/../Podfile.lock\" \"${PODS_ROOT}/Manifest.lock\" > /dev/null\nif [ $? != 0 ] ; then\n    # print error to STDERR\n    echo \"error: The sandbox is not in sync with the Podfile.lock. Run 'pod install' or update your CocoaPods installation.\" >&2\n    exit 1\nfi\n";
			showEnvVarsInLog = 0;
		};
		FD10F9CCE0D7BBF1BD8B2A05 /* [CP] Embed Pods Frameworks */ = {
			isa = PBXShellScriptBuildPhase;
			buildActionMask = 2147483647;
			files = (
			);
			inputPaths = (
			);
			name = "[CP] Embed Pods Frameworks";
			outputPaths = (
			);
			runOnlyForDeploymentPostprocessing = 0;
			shellPath = /bin/sh;
			shellScript = "\"${SRCROOT}/Pods/Target Support Files/Pods-PianoView/Pods-PianoView-frameworks.sh\"\n";
			showEnvVarsInLog = 0;
		};
/* End PBXShellScriptBuildPhase section */

/* Begin PBXSourcesBuildPhase section */
		B274B0E81E31493100FFC7A3 /* Sources */ = {
			isa = PBXSourcesBuildPhase;
			buildActionMask = 2147483647;
			files = (
				B274B0F21E31493100FFC7A3 /* ViewController.swift in Sources */,
				B274B1021E3149C400FFC7A3 /* PianoView.swift in Sources */,
				B274B0F01E31493100FFC7A3 /* AppDelegate.swift in Sources */,
			);
			runOnlyForDeploymentPostprocessing = 0;
		};
/* End PBXSourcesBuildPhase section */

/* Begin PBXVariantGroup section */
		B274B0F31E31493100FFC7A3 /* Main.storyboard */ = {
			isa = PBXVariantGroup;
			children = (
				B274B0F41E31493100FFC7A3 /* Base */,
			);
			name = Main.storyboard;
			sourceTree = "<group>";
		};
		B274B0F81E31493100FFC7A3 /* LaunchScreen.storyboard */ = {
			isa = PBXVariantGroup;
			children = (
				B274B0F91E31493100FFC7A3 /* Base */,
			);
			name = LaunchScreen.storyboard;
			sourceTree = "<group>";
		};
/* End PBXVariantGroup section */

/* Begin XCBuildConfiguration section */
		B274B0FC1E31493100FFC7A3 /* Debug */ = {
			isa = XCBuildConfiguration;
			buildSettings = {
				ALWAYS_SEARCH_USER_PATHS = NO;
				CLANG_ANALYZER_NONNULL = YES;
				CLANG_CXX_LANGUAGE_STANDARD = "gnu++0x";
				CLANG_CXX_LIBRARY = "libc++";
				CLANG_ENABLE_MODULES = YES;
				CLANG_ENABLE_OBJC_ARC = YES;
				CLANG_WARN_BOOL_CONVERSION = YES;
				CLANG_WARN_CONSTANT_CONVERSION = YES;
				CLANG_WARN_DIRECT_OBJC_ISA_USAGE = YES_ERROR;
				CLANG_WARN_DOCUMENTATION_COMMENTS = YES;
				CLANG_WARN_EMPTY_BODY = YES;
				CLANG_WARN_ENUM_CONVERSION = YES;
				CLANG_WARN_INFINITE_RECURSION = YES;
				CLANG_WARN_INT_CONVERSION = YES;
				CLANG_WARN_OBJC_ROOT_CLASS = YES_ERROR;
				CLANG_WARN_SUSPICIOUS_MOVE = YES;
				CLANG_WARN_UNREACHABLE_CODE = YES;
				CLANG_WARN__DUPLICATE_METHOD_MATCH = YES;
				"CODE_SIGN_IDENTITY[sdk=iphoneos*]" = "iPhone Developer";
				COPY_PHASE_STRIP = NO;
				DEBUG_INFORMATION_FORMAT = dwarf;
				ENABLE_STRICT_OBJC_MSGSEND = YES;
				ENABLE_TESTABILITY = YES;
				GCC_C_LANGUAGE_STANDARD = gnu99;
				GCC_DYNAMIC_NO_PIC = NO;
				GCC_NO_COMMON_BLOCKS = YES;
				GCC_OPTIMIZATION_LEVEL = 0;
				GCC_PREPROCESSOR_DEFINITIONS = (
					"DEBUG=1",
					"$(inherited)",
				);
				GCC_WARN_64_TO_32_BIT_CONVERSION = YES;
				GCC_WARN_ABOUT_RETURN_TYPE = YES_ERROR;
				GCC_WARN_UNDECLARED_SELECTOR = YES;
				GCC_WARN_UNINITIALIZED_AUTOS = YES_AGGRESSIVE;
				GCC_WARN_UNUSED_FUNCTION = YES;
				GCC_WARN_UNUSED_VARIABLE = YES;
				IPHONEOS_DEPLOYMENT_TARGET = 10.2;
				MTL_ENABLE_DEBUG_INFO = YES;
				ONLY_ACTIVE_ARCH = YES;
				SDKROOT = iphoneos;
				SWIFT_ACTIVE_COMPILATION_CONDITIONS = DEBUG;
				SWIFT_OPTIMIZATION_LEVEL = "-Onone";
				TARGETED_DEVICE_FAMILY = "1,2";
			};
			name = Debug;
		};
		B274B0FD1E31493100FFC7A3 /* Release */ = {
			isa = XCBuildConfiguration;
			buildSettings = {
				ALWAYS_SEARCH_USER_PATHS = NO;
				CLANG_ANALYZER_NONNULL = YES;
				CLANG_CXX_LANGUAGE_STANDARD = "gnu++0x";
				CLANG_CXX_LIBRARY = "libc++";
				CLANG_ENABLE_MODULES = YES;
				CLANG_ENABLE_OBJC_ARC = YES;
				CLANG_WARN_BOOL_CONVERSION = YES;
				CLANG_WARN_CONSTANT_CONVERSION = YES;
				CLANG_WARN_DIRECT_OBJC_ISA_USAGE = YES_ERROR;
				CLANG_WARN_DOCUMENTATION_COMMENTS = YES;
				CLANG_WARN_EMPTY_BODY = YES;
				CLANG_WARN_ENUM_CONVERSION = YES;
				CLANG_WARN_INFINITE_RECURSION = YES;
				CLANG_WARN_INT_CONVERSION = YES;
				CLANG_WARN_OBJC_ROOT_CLASS = YES_ERROR;
				CLANG_WARN_SUSPICIOUS_MOVE = YES;
				CLANG_WARN_UNREACHABLE_CODE = YES;
				CLANG_WARN__DUPLICATE_METHOD_MATCH = YES;
				"CODE_SIGN_IDENTITY[sdk=iphoneos*]" = "iPhone Developer";
				COPY_PHASE_STRIP = NO;
				DEBUG_INFORMATION_FORMAT = "dwarf-with-dsym";
				ENABLE_NS_ASSERTIONS = NO;
				ENABLE_STRICT_OBJC_MSGSEND = YES;
				GCC_C_LANGUAGE_STANDARD = gnu99;
				GCC_NO_COMMON_BLOCKS = YES;
				GCC_WARN_64_TO_32_BIT_CONVERSION = YES;
				GCC_WARN_ABOUT_RETURN_TYPE = YES_ERROR;
				GCC_WARN_UNDECLARED_SELECTOR = YES;
				GCC_WARN_UNINITIALIZED_AUTOS = YES_AGGRESSIVE;
				GCC_WARN_UNUSED_FUNCTION = YES;
				GCC_WARN_UNUSED_VARIABLE = YES;
				IPHONEOS_DEPLOYMENT_TARGET = 10.2;
				MTL_ENABLE_DEBUG_INFO = NO;
				SDKROOT = iphoneos;
				SWIFT_OPTIMIZATION_LEVEL = "-Owholemodule";
				TARGETED_DEVICE_FAMILY = "1,2";
				VALIDATE_PRODUCT = YES;
			};
			name = Release;
		};
		B274B0FF1E31493100FFC7A3 /* Debug */ = {
			isa = XCBuildConfiguration;
			baseConfigurationReference = FC0E40540669917F646FA6AB /* Pods-PianoView.debug.xcconfig */;
			buildSettings = {
				ASSETCATALOG_COMPILER_APPICON_NAME = AppIcon;
				DEVELOPMENT_TEAM = 77Y3N48SNF;
				INFOPLIST_FILE = PianoView/Info.plist;
				LD_RUNPATH_SEARCH_PATHS = "$(inherited) @executable_path/Frameworks";
				PRODUCT_BUNDLE_IDENTIFIER = co.prototapp.PianoView;
				PRODUCT_NAME = "$(TARGET_NAME)";
				SWIFT_VERSION = 3.0;
			};
			name = Debug;
		};
		B274B1001E31493100FFC7A3 /* Release */ = {
			isa = XCBuildConfiguration;
			baseConfigurationReference = 3B4F4DA935AD9A4D3B67FE1D /* Pods-PianoView.release.xcconfig */;
			buildSettings = {
				ASSETCATALOG_COMPILER_APPICON_NAME = AppIcon;
				DEVELOPMENT_TEAM = 77Y3N48SNF;
				INFOPLIST_FILE = PianoView/Info.plist;
				LD_RUNPATH_SEARCH_PATHS = "$(inherited) @executable_path/Frameworks";
				PRODUCT_BUNDLE_IDENTIFIER = co.prototapp.PianoView;
				PRODUCT_NAME = "$(TARGET_NAME)";
				SWIFT_VERSION = 3.0;
			};
			name = Release;
		};
/* End XCBuildConfiguration section */

/* Begin XCConfigurationList section */
		B274B0E71E31493100FFC7A3 /* Build configuration list for PBXProject "PianoView" */ = {
			isa = XCConfigurationList;
			buildConfigurations = (
				B274B0FC1E31493100FFC7A3 /* Debug */,
				B274B0FD1E31493100FFC7A3 /* Release */,
			);
			defaultConfigurationIsVisible = 0;
			defaultConfigurationName = Release;
		};
		B274B0FE1E31493100FFC7A3 /* Build configuration list for PBXNativeTarget "PianoView" */ = {
			isa = XCConfigurationList;
			buildConfigurations = (
				B274B0FF1E31493100FFC7A3 /* Debug */,
				B274B1001E31493100FFC7A3 /* Release */,
			);
			defaultConfigurationIsVisible = 0;
			defaultConfigurationName = Release;
		};
/* End XCConfigurationList section */
	};
	rootObject = B274B0E41E31493100FFC7A3 /* Project object */;
}
